
Microsoft Visual Studio Solution File, Format Version 12.00
# Visual Studio Version 17
VisualStudioVersion = 17.10.34928.147
MinimumVisualStudioVersion = 10.0.40219.1
Project("{9A19103F-16F7-4668-BE54-9A1E7A4F7556}") = "NTCC.NET", "NTCC.NET\NTCC.NET.csproj", "{C04686AB-EE35-4464-ABA5-BDE3B1801F86}"
EndProject
Project("{FAE04EC0-301F-11D3-BF4B-00C04F79EFBC}") = "NTCC.NET.Core", "NTCC.NET.Core\NTCC.NET.Core.csproj", "{8EE604B7-6BC6-41AB-AB15-82F595B3C9EA}"
EndProject
Project("{9A19103F-16F7-4668-BE54-9A1E7A4F7556}") = "NTCC.NET.UI", "NTCC.NET.UI\NTCC.NET.UI.csproj", "{F468C870-B124-49F1-AAEE-B19AD2312946}"
EndProject
Project("{9A19103F-16F7-4668-BE54-9A1E7A4F7556}") = "NTCC.NET.TEST", "NTCC.NET.TEST\NTCC.NET.TEST.csproj", "{E5B0BC2A-62ED-46FE-B302-31F316E15E42}"
EndProject
Project("{FAE04EC0-301F-11D3-BF4B-00C04F79EFBC}") = "ToastNotifications", "ToastNotifications\Src\ToastNotifications\ToastNotifications.csproj", "{4A8879FC-9A6E-4904-910B-5C13FA5ED5BE}"
EndProject
Project("{FAE04EC0-301F-11D3-BF4B-00C04F79EFBC}") = "ToastNotifications.Messages", "ToastNotifications\Src\ToastNotifications.Messages\ToastNotifications.Messages.csproj", "{4DE2F314-B19F-423E-92D8-7D3A7D9ACEA2}"
EndProject
Project("{2150E333-8FDC-42A3-9474-1A3956D46DE8}") = "Config Files", "Config Files", "{97C5D5D4-EB23-4131-90EE-6F3479419AA5}"
EndProject
Project("{2150E333-8FDC-42A3-9474-1A3956D46DE8}") = "Module 1", "Module 1", "{54EDC30D-CAE5-4104-A00B-C47CF3C111C0}"
	ProjectSection(SolutionItems) = preProject
		Config Files\Module 1\ArtMonbatUnitMap.xml = Config Files\Module 1\ArtMonbatUnitMap.xml
		Config Files\Module 1\DataPoints.xml = Config Files\Module 1\DataPoints.xml
		Config Files\Module 1\Devices.xml = Config Files\Module 1\Devices.xml
		Config Files\Module 1\HeatingGroups.xml = Config Files\Module 1\HeatingGroups.xml
		Config Files\Module 1\Stages.xml = Config Files\Module 1\Stages.xml
	EndProjectSection
EndProject
Project("{2150E333-8FDC-42A3-9474-1A3956D46DE8}") = "Module 2", "Module 2", "{0ED62B9C-7676-4596-A3A0-7636D549CE2F}"
	ProjectSection(SolutionItems) = preProject
		Config Files\Module 2\ArtMonbatUnitMap.xml = Config Files\Module 2\ArtMonbatUnitMap.xml
		Config Files\Module 2\DataPoints.xml = Config Files\Module 2\DataPoints.xml
		Config Files\Module 2\Devices.xml = Config Files\Module 2\Devices.xml
		Config Files\Module 2\HeatingGroups.xml = Config Files\Module 2\HeatingGroups.xml
		Config Files\Module 2\Stages.xml = Config Files\Module 2\Stages.xml
	EndProjectSection
EndProject
Project("{2150E333-8FDC-42A3-9474-1A3956D46DE8}") = "Module 3", "Module 3", "{4E4E788C-49E7-40E1-B29B-D6446B4C5F26}"
	ProjectSection(SolutionItems) = preProject
		Config Files\Module 3\ArtMonbatUnitMap.xml = Config Files\Module 3\ArtMonbatUnitMap.xml
		Config Files\Module 3\DataPoints.xml = Config Files\Module 3\DataPoints.xml
		Config Files\Module 3\Devices.xml = Config Files\Module 3\Devices.xml
		Config Files\Module 3\HeatingGroups.xml = Config Files\Module 3\HeatingGroups.xml
		Config Files\Module 3\Stages.xml = Config Files\Module 3\Stages.xml
	EndProjectSection
EndProject
Project("{2150E333-8FDC-42A3-9474-1A3956D46DE8}") = "Module 4", "Module 4", "{0EA6CF33-EA0B-40C3-965D-78CBA4F9E1E4}"
	ProjectSection(SolutionItems) = preProject
		Config Files\Module 4\ArtMonbatUnitMap.xml = Config Files\Module 4\ArtMonbatUnitMap.xml
		Config Files\Module 4\DataPoints.xml = Config Files\Module 4\DataPoints.xml
		Config Files\Module 4\Devices.xml = Config Files\Module 4\Devices.xml
		Config Files\Module 4\HeatingGroups.xml = Config Files\Module 4\HeatingGroups.xml
		Config Files\Module 4\Stages.xml = Config Files\Module 4\Stages.xml
	EndProjectSection
EndProject
Global
	GlobalSection(SolutionConfigurationPlatforms) = preSolution
		Debug|Any CPU = Debug|Any CPU
		Release|Any CPU = Release|Any CPU
	EndGlobalSection
	GlobalSection(ProjectConfigurationPlatforms) = postSolution
		{C04686AB-EE35-4464-ABA5-BDE3B1801F86}.Debug|Any CPU.ActiveCfg = Debug|Any CPU
		{C04686AB-EE35-4464-ABA5-BDE3B1801F86}.Debug|Any CPU.Build.0 = Debug|Any CPU
		{C04686AB-EE35-4464-ABA5-BDE3B1801F86}.Release|Any CPU.ActiveCfg = Release|Any CPU
		{C04686AB-EE35-4464-ABA5-BDE3B1801F86}.Release|Any CPU.Build.0 = Release|Any CPU
		{8EE604B7-6BC6-41AB-AB15-82F595B3C9EA}.Debug|Any CPU.ActiveCfg = Debug|Any CPU
		{8EE604B7-6BC6-41AB-AB15-82F595B3C9EA}.Debug|Any CPU.Build.0 = Debug|Any CPU
		{8EE604B7-6BC6-41AB-AB15-82F595B3C9EA}.Release|Any CPU.ActiveCfg = Release|Any CPU
		{8EE604B7-6BC6-41AB-AB15-82F595B3C9EA}.Release|Any CPU.Build.0 = Release|Any CPU
		{F468C870-B124-49F1-AAEE-B19AD2312946}.Debug|Any CPU.ActiveCfg = Debug|Any CPU
		{F468C870-B124-49F1-AAEE-B19AD2312946}.Debug|Any CPU.Build.0 = Debug|Any CPU
		{F468C870-B124-49F1-AAEE-B19AD2312946}.Release|Any CPU.ActiveCfg = Release|Any CPU
		{F468C870-B124-49F1-AAEE-B19AD2312946}.Release|Any CPU.Build.0 = Release|Any CPU
		{E5B0BC2A-62ED-46FE-B302-31F316E15E42}.Debug|Any CPU.ActiveCfg = Debug|Any CPU
		{E5B0BC2A-62ED-46FE-B302-31F316E15E42}.Debug|Any CPU.Build.0 = Debug|Any CPU
		{E5B0BC2A-62ED-46FE-B302-31F316E15E42}.Release|Any CPU.ActiveCfg = Release|Any CPU
		{E5B0BC2A-62ED-46FE-B302-31F316E15E42}.Release|Any CPU.Build.0 = Release|Any CPU
		{4A8879FC-9A6E-4904-910B-5C13FA5ED5BE}.Debug|Any CPU.ActiveCfg = Debug|Any CPU
		{4A8879FC-9A6E-4904-910B-5C13FA5ED5BE}.Debug|Any CPU.Build.0 = Debug|Any CPU
		{4A8879FC-9A6E-4904-910B-5C13FA5ED5BE}.Release|Any CPU.ActiveCfg = Release|Any CPU
		{4A8879FC-9A6E-4904-910B-5C13FA5ED5BE}.Release|Any CPU.Build.0 = Release|Any CPU
		{4DE2F314-B19F-423E-92D8-7D3A7D9ACEA2}.Debug|Any CPU.ActiveCfg = Debug|Any CPU
		{4DE2F314-B19F-423E-92D8-7D3A7D9ACEA2}.Debug|Any CPU.Build.0 = Debug|Any CPU
		{4DE2F314-B19F-423E-92D8-7D3A7D9ACEA2}.Release|Any CPU.ActiveCfg = Release|Any CPU
		{4DE2F314-B19F-423E-92D8-7D3A7D9ACEA2}.Release|Any CPU.Build.0 = Release|Any CPU
	EndGlobalSection
	GlobalSection(SolutionProperties) = preSolution
		HideSolutionNode = FALSE
	EndGlobalSection
	GlobalSection(NestedProjects) = preSolution
		{54EDC30D-CAE5-4104-A00B-C47CF3C111C0} = {97C5D5D4-EB23-4131-90EE-6F3479419AA5}
		{0ED62B9C-7676-4596-A3A0-7636D549CE2F} = {97C5D5D4-EB23-4131-90EE-6F3479419AA5}
		{4E4E788C-49E7-40E1-B29B-D6446B4C5F26} = {97C5D5D4-EB23-4131-90EE-6F3479419AA5}
		{0EA6CF33-EA0B-40C3-965D-78CBA4F9E1E4} = {97C5D5D4-EB23-4131-90EE-6F3479419AA5}
	EndGlobalSection
	GlobalSection(ExtensibilityGlobals) = postSolution
		SolutionGuid = {83BDB3D3-5E74-439A-97A5-02EE6E684DFA}
	EndGlobalSection
EndGlobal
